
Microsoft Visual Studio Solution File, Format Version 12.00
# Visual Studio Version 17
VisualStudioVersion = 17.8.34525.116
MinimumVisualStudioVersion = 10.0.40219.1
Project("{9A19103F-16F7-4668-BE54-9A1E7A4F7556}") = "SiliconMVC", "SiliconMVC\SiliconMVC.csproj", "{43342F1B-6D8E-43C7-80A3-2B8C7F9BA320}"
EndProject
Project("{9A19103F-16F7-4668-BE54-9A1E7A4F7556}") = "Infrastructure", "Infrastructure\Infrastructure.csproj", "{37792D88-0E63-4E16-9EE9-B2DBB97F55A0}"
EndProject
Project("{FAE04EC0-301F-11D3-BF4B-00C04F79EFBC}") = "WebApi", "WebApi\WebApi.csproj", "{A76B18CE-F38E-49BC-89CF-EC769805E498}"
EndProject
Global
	GlobalSection(SolutionConfigurationPlatforms) = preSolution
		Debug|Any CPU = Debug|Any CPU
		Release|Any CPU = Release|Any CPU
	EndGlobalSection
	GlobalSection(ProjectConfigurationPlatforms) = postSolution
		{43342F1B-6D8E-43C7-80A3-2B8C7F9BA320}.Debug|Any CPU.ActiveCfg = Debug|Any CPU
		{43342F1B-6D8E-43C7-80A3-2B8C7F9BA320}.Debug|Any CPU.Build.0 = Debug|Any CPU
		{43342F1B-6D8E-43C7-80A3-2B8C7F9BA320}.Release|Any CPU.ActiveCfg = Release|Any CPU
		{43342F1B-6D8E-43C7-80A3-2B8C7F9BA320}.Release|Any CPU.Build.0 = Release|Any CPU
		{37792D88-0E63-4E16-9EE9-B2DBB97F55A0}.Debug|Any CPU.ActiveCfg = Debug|Any CPU
		{37792D88-0E63-4E16-9EE9-B2DBB97F55A0}.Debug|Any CPU.Build.0 = Debug|Any CPU
		{37792D88-0E63-4E16-9EE9-B2DBB97F55A0}.Release|Any CPU.ActiveCfg = Release|Any CPU
		{37792D88-0E63-4E16-9EE9-B2DBB97F55A0}.Release|Any CPU.Build.0 = Release|Any CPU
		{A76B18CE-F38E-49BC-89CF-EC769805E498}.Debug|Any CPU.ActiveCfg = Debug|Any CPU
		{A76B18CE-F38E-49BC-89CF-EC769805E498}.Debug|Any CPU.Build.0 = Debug|Any CPU
		{A76B18CE-F38E-49BC-89CF-EC769805E498}.Release|Any CPU.ActiveCfg = Release|Any CPU
		{A76B18CE-F38E-49BC-89CF-EC769805E498}.Release|Any CPU.Build.0 = Release|Any CPU
	EndGlobalSection
	GlobalSection(SolutionProperties) = preSolution
		HideSolutionNode = FALSE
	EndGlobalSection
	GlobalSection(ExtensibilityGlobals) = postSolution
		SolutionGuid = {CF137B6A-6DC9-4B16-B1D3-7010D5A47BD7}
	EndGlobalSection
EndGlobal
